{
	"name": "harness-monorepo",
	"lockfileVersion": 3,
	"requires": true,
	"packages": {
		"": {
			"name": "harness-monorepo",
			"workspaces": [
				"packages/*"
			],
			"devDependencies": {
				"@types/node": "22.10.2",
				"typescript": "5.7.2"
			},
			"engines": {
				"node": ">=22"
			}
		},
		"node_modules/@harness/agent-client": {
			"resolved": "packages/agent-client",
			"link": true
		},
		"node_modules/@harness/control-plane": {
			"resolved": "packages/control-plane",
			"link": true
		},
		"node_modules/@harness/fleet-extension": {
			"resolved": "packages/fleet-extension",
			"link": true
		},
		"node_modules/@harness/llm-gateway": {
			"resolved": "packages/llm-gateway",
			"link": true
		},
		"node_modules/@harness/shared": {
			"resolved": "packages/shared",
			"link": true
		},
		"node_modules/@types/node": {
			"version": "22.10.2",
			"resolved": "https://registry.npmjs.org/@types/node/-/node-22.10.2.tgz",
			"integrity": "sha512-Xxr6BBRCAOQixvonOye19wnzyDiUtTeqldOOmj3CkeblonbccA12PFwlufvRdrpjXxqnmUaeiU5EOA+7s5diUQ==",
			"dev": true,
			"license": "MIT",
			"dependencies": {
				"undici-types": "~6.20.0"
			}
		},
		"node_modules/typescript": {
			"version": "5.7.2",
			"resolved": "https://registry.npmjs.org/typescript/-/typescript-5.7.2.tgz",
			"integrity": "sha512-i5t66RHxDvVN40HfDd1PsEThGNnlMCMT3jMUuoh9/0TaqWevNontacunWyN02LA9/fIbEWlcHZcgTKb9QoaLfg==",
			"dev": true,
			"license": "Apache-2.0",
			"bin": {
				"tsc": "bin/tsc",
				"tsserver": "bin/tsserver"
			},
			"engines": {
				"node": ">=14.17"
			}
		},
		"node_modules/undici-types": {
			"version": "6.20.0",
			"resolved": "https://registry.npmjs.org/undici-types/-/undici-types-6.20.0.tgz",
			"integrity": "sha512-Ny6QZ2Nju20vw1SRHe3d9jVu6gJ+4e3+MMpqu7pqE5HT6WsTSlce++GQmK5UXS8mzV8DSYHrQH+Xrf2jVcuKNg==",
			"dev": true,
			"license": "MIT"
		},
		"packages/agent-client": {
			"name": "@harness/agent-client",
			"version": "0.1.0",
			"dependencies": {
				"@harness/fleet-extension": "0.1.0",
				"@harness/shared": "0.1.0"
			},
			"bin": {
				"harness-agent": "dist/cli.js"
			},
			"devDependencies": {
				"@harness/control-plane": "0.1.0"
			}
		},
		"packages/control-plane": {
			"name": "@harness/control-plane",
			"version": "0.1.0",
			"dependencies": {
				"@harness/shared": "0.1.0"
			},
			"bin": {
				"harness-cp": "dist/cli.js"
			}
		},
		"packages/fleet-extension": {
			"name": "@harness/fleet-extension",
			"version": "0.1.0",
			"dependencies": {
				"@harness/shared": "0.1.0"
			},
			"devDependencies": {
				"@harness/control-plane": "0.1.0"
			}
		},
		"packages/llm-gateway": {
			"name": "@harness/llm-gateway",
			"version": "0.1.0",
			"dependencies": {
				"@harness/shared": "0.1.0"
			},
			"bin": {
				"harness-gw": "dist/cli.js"
			},
			"devDependencies": {
				"@harness/control-plane": "0.1.0"
			}
		},
		"packages/shared": {
			"name": "@harness/shared",
			"version": "0.1.0"
		}
	}
}
